
Microsoft Visual Studio Solution File, Format Version 12.00
# Visual Studio Version 16
VisualStudioVersion = 16.0.30804.86
MinimumVisualStudioVersion = 10.0.40219.1
Project("{FAE04EC0-301F-11D3-BF4B-00C04F79EFBC}") = "HrApp", "HrApp\HrApp.csproj", "{EBEE97CB-1A20-4B99-BE4E-5775991039BF}"
EndProject
Global
	GlobalSection(SolutionConfigurationPlatforms) = preSolution
		Debug|Any CPU = Debug|Any CPU
		Release|Any CPU = Release|Any CPU
	EndGlobalSection
	GlobalSection(ProjectConfigurationPlatforms) = postSolution
		{EBEE97CB-1A20-4B99-BE4E-5775991039BF}.Debug|Any CPU.ActiveCfg = Debug|Any CPU
		{EBEE97CB-1A20-4B99-BE4E-5775991039BF}.Debug|Any CPU.Build.0 = Debug|Any CPU
		{EBEE97CB-1A20-4B99-BE4E-5775991039BF}.Release|Any CPU.ActiveCfg = Release|Any CPU
		{EBEE97CB-1A20-4B99-BE4E-5775991039BF}.Release|Any CPU.Build.0 = Release|Any CPU
	EndGlobalSection
	GlobalSection(SolutionProperties) = preSolution
		HideSolutionNode = FALSE
	EndGlobalSection
	GlobalSection(ExtensibilityGlobals) = postSolution
		SolutionGuid = {5A95CA02-7F73-4959-B7E8-4F1B6B97E3D9}
	EndGlobalSection
EndGlobal
