
Microsoft Visual Studio Solution File, Format Version 12.00
# Visual Studio Version 16
VisualStudioVersion = 16.0.30804.86
MinimumVisualStudioVersion = 10.0.40219.1
Project("{FAE04EC0-301F-11D3-BF4B-00C04F79EFBC}") = "ReportService", "ReportService\ReportService.csproj", "{6189CD2D-CD70-4EE7-8C31-1D42858DF134}"
EndProject
Project("{FAE04EC0-301F-11D3-BF4B-00C04F79EFBC}") = "EmailSender", "EmailSender\EmailSender.csproj", "{9A7CAC0E-D1AE-4737-B266-B36365525B62}"
EndProject
Project("{FAE04EC0-301F-11D3-BF4B-00C04F79EFBC}") = "Cipher", "Cipher\Cipher.csproj", "{7A99F557-BAAC-4A37-9162-85B26347C53C}"
EndProject
Global
	GlobalSection(SolutionConfigurationPlatforms) = preSolution
		Debug|Any CPU = Debug|Any CPU
		Release|Any CPU = Release|Any CPU
	EndGlobalSection
	GlobalSection(ProjectConfigurationPlatforms) = postSolution
		{6189CD2D-CD70-4EE7-8C31-1D42858DF134}.Debug|Any CPU.ActiveCfg = Debug|Any CPU
		{6189CD2D-CD70-4EE7-8C31-1D42858DF134}.Debug|Any CPU.Build.0 = Debug|Any CPU
		{6189CD2D-CD70-4EE7-8C31-1D42858DF134}.Release|Any CPU.ActiveCfg = Release|Any CPU
		{6189CD2D-CD70-4EE7-8C31-1D42858DF134}.Release|Any CPU.Build.0 = Release|Any CPU
		{9A7CAC0E-D1AE-4737-B266-B36365525B62}.Debug|Any CPU.ActiveCfg = Debug|Any CPU
		{9A7CAC0E-D1AE-4737-B266-B36365525B62}.Debug|Any CPU.Build.0 = Debug|Any CPU
		{9A7CAC0E-D1AE-4737-B266-B36365525B62}.Release|Any CPU.ActiveCfg = Release|Any CPU
		{9A7CAC0E-D1AE-4737-B266-B36365525B62}.Release|Any CPU.Build.0 = Release|Any CPU
		{7A99F557-BAAC-4A37-9162-85B26347C53C}.Debug|Any CPU.ActiveCfg = Debug|Any CPU
		{7A99F557-BAAC-4A37-9162-85B26347C53C}.Debug|Any CPU.Build.0 = Debug|Any CPU
		{7A99F557-BAAC-4A37-9162-85B26347C53C}.Release|Any CPU.ActiveCfg = Release|Any CPU
		{7A99F557-BAAC-4A37-9162-85B26347C53C}.Release|Any CPU.Build.0 = Release|Any CPU
	EndGlobalSection
	GlobalSection(SolutionProperties) = preSolution
		HideSolutionNode = FALSE
	EndGlobalSection
	GlobalSection(ExtensibilityGlobals) = postSolution
		SolutionGuid = {DDEE7A36-78F1-456C-892D-D9212DDAAF1E}
	EndGlobalSection
EndGlobal
